
Microsoft Visual Studio Solution File, Format Version 12.00
# Visual Studio Version 17
VisualStudioVersion = 17.11.35312.102
MinimumVisualStudioVersion = 10.0.40219.1
Project("{9A19103F-16F7-4668-BE54-9A1E7A4F7556}") = "Maternity.Api.ConsoleClient", "Maternity.Api.ConsoleClient\Maternity.Api.ConsoleClient.csproj", "{FFA02740-44CC-47BE-AFCA-F9AB4CD11C57}"
EndProject
Project("{9A19103F-16F7-4668-BE54-9A1E7A4F7556}") = "Maternity.Domain", "..\Core\Maternity.Domain\Maternity.Domain.csproj", "{B88D400D-C210-444D-B53C-6470AFDA4814}"
EndProject
Global
	GlobalSection(SolutionConfigurationPlatforms) = preSolution
		Debug|Any CPU = Debug|Any CPU
		Release|Any CPU = Release|Any CPU
	EndGlobalSection
	GlobalSection(ProjectConfigurationPlatforms) = postSolution
		{FFA02740-44CC-47BE-AFCA-F9AB4CD11C57}.Debug|Any CPU.ActiveCfg = Debug|Any CPU
		{FFA02740-44CC-47BE-AFCA-F9AB4CD11C57}.Debug|Any CPU.Build.0 = Debug|Any CPU
		{FFA02740-44CC-47BE-AFCA-F9AB4CD11C57}.Release|Any CPU.ActiveCfg = Release|Any CPU
		{FFA02740-44CC-47BE-AFCA-F9AB4CD11C57}.Release|Any CPU.Build.0 = Release|Any CPU
		{B88D400D-C210-444D-B53C-6470AFDA4814}.Debug|Any CPU.ActiveCfg = Debug|Any CPU
		{B88D400D-C210-444D-B53C-6470AFDA4814}.Debug|Any CPU.Build.0 = Debug|Any CPU
		{B88D400D-C210-444D-B53C-6470AFDA4814}.Release|Any CPU.ActiveCfg = Release|Any CPU
		{B88D400D-C210-444D-B53C-6470AFDA4814}.Release|Any CPU.Build.0 = Release|Any CPU
	EndGlobalSection
	GlobalSection(SolutionProperties) = preSolution
		HideSolutionNode = FALSE
	EndGlobalSection
	GlobalSection(ExtensibilityGlobals) = postSolution
		SolutionGuid = {C37FB4B4-DC70-4A7E-B461-10C8A85BDFCE}
	EndGlobalSection
EndGlobal
